PODS:
  - Alamofire (5.0.0-beta.7)
  - AlamofireImage (4.0.0-beta.3):
    - Alamofire (~> 5.0.0-beta.6)

DEPENDENCIES:
  - Alamofire (~> 5.0.0-beta.7)
  - AlamofireImage (~> 4.0.0-beta.3)

SPEC REPOS:
  https://github.com/cocoapods/specs.git:
    - Alamofire
    - AlamofireImage

SPEC CHECKSUMS:
  Alamofire: bd07938ceecad59d2492aeecb1f785a8f2721160
  AlamofireImage: 980b4eccaed1fa559d78bc479d067ff89d23bc95

PODFILE CHECKSUM: feb97d3f82af479e230e040613030187ea255ad2

COCOAPODS: 1.7.5
