PODS:
  - Alamofire (5.0.0-rc.3)
  - AlamofireImage (4.0.0-beta.6):
    - Alamofire (~> 5.0.0-rc.3)

DEPENDENCIES:
  - Alamofire (~> 5.0.0-beta.7)
  - AlamofireImage (~> 4.0.0-beta.3)

SPEC REPOS:
  https://github.com/CocoaPods/Specs.git:
    - Alamofire
    - AlamofireImage

SPEC CHECKSUMS:
  Alamofire: ca8c0de6906873be89d6deec5c8de279e00bf872
  AlamofireImage: edf3216fd178a89d63e681e609909d7ac98fa3c6

PODFILE CHECKSUM: feb97d3f82af479e230e040613030187ea255ad2

COCOAPODS: 1.8.4
